// !$*UTF8*$!
{
	archiveVersion = 1;
	classes = {
	};
	objectVersion = 56;
	objects = {

/* Begin PBXBuildFile section */
		1F54B6DF2C382FD200BC427A /* Coinquilino.swift in Sources */ = {isa = PBXBuildFile; fileRef = 1F54B6DE2C382FD200BC427A /* Coinquilino.swift */; };
		1F54B6E12C382FE000BC427A /* Spesa.swift in Sources */ = {isa = PBXBuildFile; fileRef = 1F54B6E02C382FE000BC427A /* Spesa.swift */; };
		1F54B6E32C382FF500BC427A /* AggiungiSpesa.swift in Sources */ = {isa = PBXBuildFile; fileRef = 1F54B6E22C382FF500BC427A /* AggiungiSpesa.swift */; };
		1FF568AA2C348720007B7A38 /* HelperRoomateApp.swift in Sources */ = {isa = PBXBuildFile; fileRef = 1FF568A92C348720007B7A38 /* HelperRoomateApp.swift */; };
		1FF568AC2C348720007B7A38 /* Fotocamera.swift in Sources */ = {isa = PBXBuildFile; fileRef = 1FF568AB2C348720007B7A38 /* Fotocamera.swift */; };
		1FF568AE2C348722007B7A38 /* Assets.xcassets in Resources */ = {isa = PBXBuildFile; fileRef = 1FF568AD2C348722007B7A38 /* Assets.xcassets */; };
		1FF568B12C348722007B7A38 /* Preview Assets.xcassets in Resources */ = {isa = PBXBuildFile; fileRef = 1FF568B02C348722007B7A38 /* Preview Assets.xcassets */; };
		1FF568B82C3487A5007B7A38 /* ScanData.swift in Sources */ = {isa = PBXBuildFile; fileRef = 1FF568B72C3487A5007B7A38 /* ScanData.swift */; };
		1FF568BA2C3487B6007B7A38 /* ScannerView.swift in Sources */ = {isa = PBXBuildFile; fileRef = 1FF568B92C3487B6007B7A38 /* ScannerView.swift */; };
		1FF568BC2C3487CA007B7A38 /* TextRecognizer.swift in Sources */ = {isa = PBXBuildFile; fileRef = 1FF568BB2C3487CA007B7A38 /* TextRecognizer.swift */; };
/* End PBXBuildFile section */

/* Begin PBXFileReference section */
		1F54B6DE2C382FD200BC427A /* Coinquilino.swift */ = {isa = PBXFileReference; lastKnownFileType = sourcecode.swift; path = Coinquilino.swift; sourceTree = "<group>"; };
		1F54B6E02C382FE000BC427A /* Spesa.swift */ = {isa = PBXFileReference; lastKnownFileType = sourcecode.swift; path = Spesa.swift; sourceTree = "<group>"; };
		1F54B6E22C382FF500BC427A /* AggiungiSpesa.swift */ = {isa = PBXFileReference; lastKnownFileType = sourcecode.swift; path = AggiungiSpesa.swift; sourceTree = "<group>"; };
		1FF568A62C348720007B7A38 /* HelperRoomate.app */ = {isa = PBXFileReference; explicitFileType = wrapper.application; includeInIndex = 0; path = HelperRoomate.app; sourceTree = BUILT_PRODUCTS_DIR; };
		1FF568A92C348720007B7A38 /* HelperRoomateApp.swift */ = {isa = PBXFileReference; lastKnownFileType = sourcecode.swift; path = HelperRoomateApp.swift; sourceTree = "<group>"; };
		1FF568AB2C348720007B7A38 /* Fotocamera.swift */ = {isa = PBXFileReference; lastKnownFileType = sourcecode.swift; path = Fotocamera.swift; sourceTree = "<group>"; };
		1FF568AD2C348722007B7A38 /* Assets.xcassets */ = {isa = PBXFileReference; lastKnownFileType = folder.assetcatalog; path = Assets.xcassets; sourceTree = "<group>"; };
		1FF568B02C348722007B7A38 /* Preview Assets.xcassets */ = {isa = PBXFileReference; lastKnownFileType = folder.assetcatalog; path = "Preview Assets.xcassets"; sourceTree = "<group>"; };
		1FF568B72C3487A5007B7A38 /* ScanData.swift */ = {isa = PBXFileReference; lastKnownFileType = sourcecode.swift; path = ScanData.swift; sourceTree = "<group>"; };
		1FF568B92C3487B6007B7A38 /* ScannerView.swift */ = {isa = PBXFileReference; lastKnownFileType = sourcecode.swift; path = ScannerView.swift; sourceTree = "<group>"; };
		1FF568BB2C3487CA007B7A38 /* TextRecognizer.swift */ = {isa = PBXFileReference; lastKnownFileType = sourcecode.swift; path = TextRecognizer.swift; sourceTree = "<group>"; };
		1FF568BD2C355504007B7A38 /* Info.plist */ = {isa = PBXFileReference; lastKnownFileType = text.plist; path = Info.plist; sourceTree = "<group>"; };
/* End PBXFileReference section */

/* Begin PBXFrameworksBuildPhase section */
		1FF568A32C348720007B7A38 /* Frameworks */ = {
			isa = PBXFrameworksBuildPhase;
			buildActionMask = 2147483647;
			files = (
			);
			runOnlyForDeploymentPostprocessing = 0;
		};
/* End PBXFrameworksBuildPhase section */

/* Begin PBXGroup section */
		1FF5689D2C348720007B7A38 = {
			isa = PBXGroup;
			children = (
				1FF568A82C348720007B7A38 /* HelperRoomate */,
				1FF568A72C348720007B7A38 /* Products */,
			);
			sourceTree = "<group>";
		};
		1FF568A72C348720007B7A38 /* Products */ = {
			isa = PBXGroup;
			children = (
				1FF568A62C348720007B7A38 /* HelperRoomate.app */,
			);
			name = Products;
			sourceTree = "<group>";
		};
		1FF568A82C348720007B7A38 /* HelperRoomate */ = {
			isa = PBXGroup;
			children = (
				1FF568BD2C355504007B7A38 /* Info.plist */,
				1FF568A92C348720007B7A38 /* HelperRoomateApp.swift */,
				1FF568AB2C348720007B7A38 /* Fotocamera.swift */,
				1FF568B72C3487A5007B7A38 /* ScanData.swift */,
				1FF568B92C3487B6007B7A38 /* ScannerView.swift */,
				1F54B6DE2C382FD200BC427A /* Coinquilino.swift */,
				1F54B6E02C382FE000BC427A /* Spesa.swift */,
				1F54B6E22C382FF500BC427A /* AggiungiSpesa.swift */,
				1FF568BB2C3487CA007B7A38 /* TextRecognizer.swift */,
				1FF568AD2C348722007B7A38 /* Assets.xcassets */,
				1FF568AF2C348722007B7A38 /* Preview Content */,
			);
			path = HelperRoomate;
			sourceTree = "<group>";
		};
		1FF568AF2C348722007B7A38 /* Preview Content */ = {
			isa = PBXGroup;
			children = (
				1FF568B02C348722007B7A38 /* Preview Assets.xcassets */,
			);
			path = "Preview Content";
			sourceTree = "<group>";
		};
/* End PBXGroup section */

/* Begin PBXNativeTarget section */
		1FF568A52C348720007B7A38 /* HelperRoomate */ = {
			isa = PBXNativeTarget;
			buildConfigurationList = 1FF568B42C348722007B7A38 /* Build configuration list for PBXNativeTarget "HelperRoomate" */;
			buildPhases = (
				1FF568A22C348720007B7A38 /* Sources */,
				1FF568A32C348720007B7A38 /* Frameworks */,
				1FF568A42C348720007B7A38 /* Resources */,
			);
			buildRules = (
			);
			dependencies = (
			);
			name = HelperRoomate;
			productName = HelperRoomate;
			productReference = 1FF568A62C348720007B7A38 /* HelperRoomate.app */;
			productType = "com.apple.product-type.application";
		};
/* End PBXNativeTarget section */

/* Begin PBXProject section */
		1FF5689E2C348720007B7A38 /* Project object */ = {
			isa = PBXProject;
			attributes = {
				BuildIndependentTargetsInParallel = 1;
				LastSwiftUpdateCheck = 1540;
				LastUpgradeCheck = 1540;
				TargetAttributes = {
					1FF568A52C348720007B7A38 = {
						CreatedOnToolsVersion = 15.4;
					};
				};
			};
			buildConfigurationList = 1FF568A12C348720007B7A38 /* Build configuration list for PBXProject "HelperRoomate" */;
			compatibilityVersion = "Xcode 14.0";
			developmentRegion = en;
			hasScannedForEncodings = 0;
			knownRegions = (
				en,
				Base,
			);
			mainGroup = 1FF5689D2C348720007B7A38;
			productRefGroup = 1FF568A72C348720007B7A38 /* Products */;
			projectDirPath = "";
			projectRoot = "";
			targets = (
				1FF568A52C348720007B7A38 /* HelperRoomate */,
			);
		};
/* End PBXProject section */

/* Begin PBXResourcesBuildPhase section */
		1FF568A42C348720007B7A38 /* Resources */ = {
			isa = PBXResourcesBuildPhase;
			buildActionMask = 2147483647;
			files = (
				1FF568B12C348722007B7A38 /* Preview Assets.xcassets in Resources */,
				1FF568AE2C348722007B7A38 /* Assets.xcassets in Resources */,
			);
			runOnlyForDeploymentPostprocessing = 0;
		};
/* End PBXResourcesBuildPhase section */

/* Begin PBXSourcesBuildPhase section */
		1FF568A22C348720007B7A38 /* Sources */ = {
			isa = PBXSourcesBuildPhase;
			buildActionMask = 2147483647;
			files = (
				1FF568AC2C348720007B7A38 /* Fotocamera.swift in Sources */,
				1F54B6E12C382FE000BC427A /* Spesa.swift in Sources */,
				1FF568BA2C3487B6007B7A38 /* ScannerView.swift in Sources */,
				1F54B6DF2C382FD200BC427A /* Coinquilino.swift in Sources */,
				1FF568BC2C3487CA007B7A38 /* TextRecognizer.swift in Sources */,
				1F54B6E32C382FF500BC427A /* AggiungiSpesa.swift in Sources */,
				1FF568AA2C348720007B7A38 /* HelperRoomateApp.swift in Sources */,
				1FF568B82C3487A5007B7A38 /* ScanData.swift in Sources */,
			);
			runOnlyForDeploymentPostprocessing = 0;
		};
/* End PBXSourcesBuildPhase section */

/* Begin XCBuildConfiguration section */
		1FF568B22C348722007B7A38 /* Debug */ = {
			isa = XCBuildConfiguration;
			buildSettings = {
				ALWAYS_SEARCH_USER_PATHS = NO;
				ASSETCATALOG_COMPILER_GENERATE_SWIFT_ASSET_SYMBOL_EXTENSIONS = YES;
				CLANG_ANALYZER_NONNULL = YES;
				CLANG_ANALYZER_NUMBER_OBJECT_CONVERSION = YES_AGGRESSIVE;
				CLANG_CXX_LANGUAGE_STANDARD = "gnu++20";
				CLANG_ENABLE_MODULES = YES;
				CLANG_ENABLE_OBJC_ARC = YES;
				CLANG_ENABLE_OBJC_WEAK = YES;
				CLANG_WARN_BLOCK_CAPTURE_AUTORELEASING = YES;
				CLANG_WARN_BOOL_CONVERSION = YES;
				CLANG_WARN_COMMA = YES;
				CLANG_WARN_CONSTANT_CONVERSION = YES;
				CLANG_WARN_DEPRECATED_OBJC_IMPLEMENTATIONS = YES;
				CLANG_WARN_DIRECT_OBJC_ISA_USAGE = YES_ERROR;
				CLANG_WARN_DOCUMENTATION_COMMENTS = YES;
				CLANG_WARN_EMPTY_BODY = YES;
				CLANG_WARN_ENUM_CONVERSION = YES;
				CLANG_WARN_INFINITE_RECURSION = YES;
				CLANG_WARN_INT_CONVERSION = YES;
				CLANG_WARN_NON_LITERAL_NULL_CONVERSION = YES;
				CLANG_WARN_OBJC_IMPLICIT_RETAIN_SELF = YES;
				CLANG_WARN_OBJC_LITERAL_CONVERSION = YES;
				CLANG_WARN_OBJC_ROOT_CLASS = YES_ERROR;
				CLANG_WARN_QUOTED_INCLUDE_IN_FRAMEWORK_HEADER = YES;
				CLANG_WARN_RANGE_LOOP_ANALYSIS = YES;
				CLANG_WARN_STRICT_PROTOTYPES = YES;
				CLANG_WARN_SUSPICIOUS_MOVE = YES;
				CLANG_WARN_UNGUARDED_AVAILABILITY = YES_AGGRESSIVE;
				CLANG_WARN_UNREACHABLE_CODE = YES;
				CLANG_WARN__DUPLICATE_METHOD_MATCH = YES;
				COPY_PHASE_STRIP = NO;
				DEBUG_INFORMATION_FORMAT = dwarf;
				ENABLE_STRICT_OBJC_MSGSEND = YES;
				ENABLE_TESTABILITY = YES;
				ENABLE_USER_SCRIPT_SANDBOXING = YES;
				GCC_C_LANGUAGE_STANDARD = gnu17;
				GCC_DYNAMIC_NO_PIC = NO;
				GCC_NO_COMMON_BLOCKS = YES;
				GCC_OPTIMIZATION_LEVEL = 0;
				GCC_PREPROCESSOR_DEFINITIONS = (
					"DEBUG=1",
					"$(inherited)",
				);
				GCC_WARN_64_TO_32_BIT_CONVERSION = YES;
				GCC_WARN_ABOUT_RETURN_TYPE = YES_ERROR;
				GCC_WARN_UNDECLARED_SELECTOR = YES;
				GCC_WARN_UNINITIALIZED_AUTOS = YES_AGGRESSIVE;
				GCC_WARN_UNUSED_FUNCTION = YES;
				GCC_WARN_UNUSED_VARIABLE = YES;
				IPHONEOS_DEPLOYMENT_TARGET = 17.5;
				LOCALIZATION_PREFERS_STRING_CATALOGS = YES;
				MTL_ENABLE_DEBUG_INFO = INCLUDE_SOURCE;
				MTL_FAST_MATH = YES;
				ONLY_ACTIVE_ARCH = YES;
				SDKROOT = iphoneos;
				SWIFT_ACTIVE_COMPILATION_CONDITIONS = "DEBUG $(inherited)";
				SWIFT_OPTIMIZATION_LEVEL = "-Onone";
			};
			name = Debug;
		};
		1FF568B32C348722007B7A38 /* Release */ = {
			isa = XCBuildConfiguration;
			buildSettings = {
				ALWAYS_SEARCH_USER_PATHS = NO;
				ASSETCATALOG_COMPILER_GENERATE_SWIFT_ASSET_SYMBOL_EXTENSIONS = YES;
				CLANG_ANALYZER_NONNULL = YES;
				CLANG_ANALYZER_NUMBER_OBJECT_CONVERSION = YES_AGGRESSIVE;
				CLANG_CXX_LANGUAGE_STANDARD = "gnu++20";
				CLANG_ENABLE_MODULES = YES;
				CLANG_ENABLE_OBJC_ARC = YES;
				CLANG_ENABLE_OBJC_WEAK = YES;
				CLANG_WARN_BLOCK_CAPTURE_AUTORELEASING = YES;
				CLANG_WARN_BOOL_CONVERSION = YES;
				CLANG_WARN_COMMA = YES;
				CLANG_WARN_CONSTANT_CONVERSION = YES;
				CLANG_WARN_DEPRECATED_OBJC_IMPLEMENTATIONS = YES;
				CLANG_WARN_DIRECT_OBJC_ISA_USAGE = YES_ERROR;
				CLANG_WARN_DOCUMENTATION_COMMENTS = YES;
				CLANG_WARN_EMPTY_BODY = YES;
				CLANG_WARN_ENUM_CONVERSION = YES;
				CLANG_WARN_INFINITE_RECURSION = YES;
				CLANG_WARN_INT_CONVERSION = YES;
				CLANG_WARN_NON_LITERAL_NULL_CONVERSION = YES;
				CLANG_WARN_OBJC_IMPLICIT_RETAIN_SELF = YES;
				CLANG_WARN_OBJC_LITERAL_CONVERSION = YES;
				CLANG_WARN_OBJC_ROOT_CLASS = YES_ERROR;
				CLANG_WARN_QUOTED_INCLUDE_IN_FRAMEWORK_HEADER = YES;
				CLANG_WARN_RANGE_LOOP_ANALYSIS = YES;
				CLANG_WARN_STRICT_PROTOTYPES = YES;
				CLANG_WARN_SUSPICIOUS_MOVE = YES;
				CLANG_WARN_UNGUARDED_AVAILABILITY = YES_AGGRESSIVE;
				CLANG_WARN_UNREACHABLE_CODE = YES;
				CLANG_WARN__DUPLICATE_METHOD_MATCH = YES;
				COPY_PHASE_STRIP = NO;
				DEBUG_INFORMATION_FORMAT = "dwarf-with-dsym";
				ENABLE_NS_ASSERTIONS = NO;
				ENABLE_STRICT_OBJC_MSGSEND = YES;
				ENABLE_USER_SCRIPT_SANDBOXING = YES;
				GCC_C_LANGUAGE_STANDARD = gnu17;
				GCC_NO_COMMON_BLOCKS = YES;
				GCC_WARN_64_TO_32_BIT_CONVERSION = YES;
				GCC_WARN_ABOUT_RETURN_TYPE = YES_ERROR;
				GCC_WARN_UNDECLARED_SELECTOR = YES;
				GCC_WARN_UNINITIALIZED_AUTOS = YES_AGGRESSIVE;
				GCC_WARN_UNUSED_FUNCTION = YES;
				GCC_WARN_UNUSED_VARIABLE = YES;
				IPHONEOS_DEPLOYMENT_TARGET = 17.5;
				LOCALIZATION_PREFERS_STRING_CATALOGS = YES;
				MTL_ENABLE_DEBUG_INFO = NO;
				MTL_FAST_MATH = YES;
				SDKROOT = iphoneos;
				SWIFT_COMPILATION_MODE = wholemodule;
				VALIDATE_PRODUCT = YES;
			};
			name = Release;
		};
		1FF568B52C348722007B7A38 /* Debug */ = {
			isa = XCBuildConfiguration;
			buildSettings = {
				ASSETCATALOG_COMPILER_APPICON_NAME = AppIcon;
				ASSETCATALOG_COMPILER_GLOBAL_ACCENT_COLOR_NAME = AccentColor;
				CODE_SIGN_STYLE = Automatic;
				CURRENT_PROJECT_VERSION = 1;
				DEVELOPMENT_ASSET_PATHS = "\"HelperRoomate/Preview Content\"";
				DEVELOPMENT_TEAM = JV6B56GQ4M;
				ENABLE_PREVIEWS = YES;
				GENERATE_INFOPLIST_FILE = YES;
				INFOPLIST_FILE = HelperRoomate/Info.plist;
				INFOPLIST_KEY_UIApplicationSceneManifest_Generation = YES;
				INFOPLIST_KEY_UIApplicationSupportsIndirectInputEvents = YES;
				INFOPLIST_KEY_UILaunchScreen_Generation = YES;
				INFOPLIST_KEY_UISupportedInterfaceOrientations_iPad = "UIInterfaceOrientationPortrait UIInterfaceOrientationPortraitUpsideDown UIInterfaceOrientationLandscapeLeft UIInterfaceOrientationLandscapeRight";
				INFOPLIST_KEY_UISupportedInterfaceOrientations_iPhone = "UIInterfaceOrientationPortrait UIInterfaceOrientationLandscapeLeft UIInterfaceOrientationLandscapeRight";
				IPHONEOS_DEPLOYMENT_TARGET = 16.0;
				LD_RUNPATH_SEARCH_PATHS = (
					"$(inherited)",
					"@executable_path/Frameworks",
				);
				MARKETING_VERSION = 1.0;
				PRODUCT_BUNDLE_IDENTIFIER = progettoProva.ScanOCR;
				PRODUCT_NAME = "$(TARGET_NAME)";
				SWIFT_EMIT_LOC_STRINGS = YES;
				SWIFT_VERSION = 5.0;
				TARGETED_DEVICE_FAMILY = "1,2";
			};
			name = Debug;
		};
		1FF568B62C348722007B7A38 /* Release */ = {
			isa = XCBuildConfiguration;
			buildSettings = {
				ASSETCATALOG_COMPILER_APPICON_NAME = AppIcon;
				ASSETCATALOG_COMPILER_GLOBAL_ACCENT_COLOR_NAME = AccentColor;
				CODE_SIGN_STYLE = Automatic;
				CURRENT_PROJECT_VERSION = 1;
				DEVELOPMENT_ASSET_PATHS = "\"HelperRoomate/Preview Content\"";
				DEVELOPMENT_TEAM = JV6B56GQ4M;
				ENABLE_PREVIEWS = YES;
				GENERATE_INFOPLIST_FILE = YES;
				INFOPLIST_FILE = HelperRoomate/Info.plist;
				INFOPLIST_KEY_UIApplicationSceneManifest_Generation = YES;
				INFOPLIST_KEY_UIApplicationSupportsIndirectInputEvents = YES;
				INFOPLIST_KEY_UILaunchScreen_Generation = YES;
				INFOPLIST_KEY_UISupportedInterfaceOrientations_iPad = "UIInterfaceOrientationPortrait UIInterfaceOrientationPortraitUpsideDown UIInterfaceOrientationLandscapeLeft UIInterfaceOrientationLandscapeRight";
				INFOPLIST_KEY_UISupportedInterfaceOrientations_iPhone = "UIInterfaceOrientationPortrait UIInterfaceOrientationLandscapeLeft UIInterfaceOrientationLandscapeRight";
				IPHONEOS_DEPLOYMENT_TARGET = 16.0;
				LD_RUNPATH_SEARCH_PATHS = (
					"$(inherited)",
					"@executable_path/Frameworks",
				);
				MARKETING_VERSION = 1.0;
				PRODUCT_BUNDLE_IDENTIFIER = progettoProva.ScanOCR;
				PRODUCT_NAME = "$(TARGET_NAME)";
				SWIFT_EMIT_LOC_STRINGS = YES;
				SWIFT_VERSION = 5.0;
				TARGETED_DEVICE_FAMILY = "1,2";
			};
			name = Release;
		};
/* End XCBuildConfiguration section */

/* Begin XCConfigurationList section */
		1FF568A12C348720007B7A38 /* Build configuration list for PBXProject "HelperRoomate" */ = {
			isa = XCConfigurationList;
			buildConfigurations = (
				1FF568B22C348722007B7A38 /* Debug */,
				1FF568B32C348722007B7A38 /* Release */,
			);
			defaultConfigurationIsVisible = 0;
			defaultConfigurationName = Release;
		};
		1FF568B42C348722007B7A38 /* Build configuration list for PBXNativeTarget "HelperRoomate" */ = {
			isa = XCConfigurationList;
			buildConfigurations = (
				1FF568B52C348722007B7A38 /* Debug */,
				1FF568B62C348722007B7A38 /* Release */,
			);
			defaultConfigurationIsVisible = 0;
			defaultConfigurationName = Release;
		};
/* End XCConfigurationList section */
	};
	rootObject = 1FF5689E2C348720007B7A38 /* Project object */;
}
